
Microsoft Visual Studio Solution File, Format Version 12.00
# Visual Studio Version 17
VisualStudioVersion = 17.7.34221.43
MinimumVisualStudioVersion = 10.0.40219.1
Project("{FAE04EC0-301F-11D3-BF4B-00C04F79EFBC}") = "BokOgFilmInfo", "BokOgFilmInfo\BokOgFilmInfo.csproj", "{590799B0-514D-43E2-904C-6DD1C91247CB}"
EndProject
Global
	GlobalSection(SolutionConfigurationPlatforms) = preSolution
		Debug|Any CPU = Debug|Any CPU
		Release|Any CPU = Release|Any CPU
	EndGlobalSection
	GlobalSection(ProjectConfigurationPlatforms) = postSolution
		{590799B0-514D-43E2-904C-6DD1C91247CB}.Debug|Any CPU.ActiveCfg = Debug|Any CPU
		{590799B0-514D-43E2-904C-6DD1C91247CB}.Debug|Any CPU.Build.0 = Debug|Any CPU
		{590799B0-514D-43E2-904C-6DD1C91247CB}.Release|Any CPU.ActiveCfg = Release|Any CPU
		{590799B0-514D-43E2-904C-6DD1C91247CB}.Release|Any CPU.Build.0 = Release|Any CPU
	EndGlobalSection
	GlobalSection(SolutionProperties) = preSolution
		HideSolutionNode = FALSE
	EndGlobalSection
	GlobalSection(ExtensibilityGlobals) = postSolution
		SolutionGuid = {FD6C4791-EEEC-49B3-B949-A1E233DB40EF}
	EndGlobalSection
EndGlobal
